
Microsoft Visual Studio Solution File, Format Version 12.00
# Visual Studio Version 16
VisualStudioVersion = 16.0.30907.101
MinimumVisualStudioVersion = 10.0.40219.1
Project("{FAE04EC0-301F-11D3-BF4B-00C04F79EFBC}") = "ClassMetotDemo", "ClassMetotDemo\ClassMetotDemo.csproj", "{E963E919-7703-412E-8B0B-9151546B0D41}"
EndProject
Global
	GlobalSection(SolutionConfigurationPlatforms) = preSolution
		Debug|Any CPU = Debug|Any CPU
		Release|Any CPU = Release|Any CPU
	EndGlobalSection
	GlobalSection(ProjectConfigurationPlatforms) = postSolution
		{E963E919-7703-412E-8B0B-9151546B0D41}.Debug|Any CPU.ActiveCfg = Debug|Any CPU
		{E963E919-7703-412E-8B0B-9151546B0D41}.Debug|Any CPU.Build.0 = Debug|Any CPU
		{E963E919-7703-412E-8B0B-9151546B0D41}.Release|Any CPU.ActiveCfg = Release|Any CPU
		{E963E919-7703-412E-8B0B-9151546B0D41}.Release|Any CPU.Build.0 = Release|Any CPU
	EndGlobalSection
	GlobalSection(SolutionProperties) = preSolution
		HideSolutionNode = FALSE
	EndGlobalSection
	GlobalSection(ExtensibilityGlobals) = postSolution
		SolutionGuid = {AE4F7A1E-EFE9-4CC0-B8A7-4E94ABB9B207}
	EndGlobalSection
EndGlobal
